{
  "name": "client",
  "version": "0.1.0",
  "lockfileVersion": 1,
  "requires": true,
  "dependencies": {
    "bootstrap": {
      "version": "4.3.1",
      "resolved": "https://registry.npmjs.org/bootstrap/-/bootstrap-4.3.1.tgz",
      "integrity": "sha512-rXqOmH1VilAt2DyPzluTi2blhk17bO7ef+zLLPlWvG494pDxcM234pJ8wTc/6R40UWizAIIMgxjvxZg5kmsbag=="
    },
    "ol": {
      "version": "4.6.5",
      "resolved": "https://registry.npmjs.org/ol/-/ol-4.6.5.tgz",
      "integrity": "sha512-FtXsY3WY07c5vEP53rUkkw3jN7orcmg07lbmTfeS2hGyIZ0Noy1xC5urP+n6XTggnQZv0NlOkAt9lxNEmAQWQw=="
    },
    "popper.js": {
      "version": "1.14.3",
      "resolved": "https://registry.npmjs.org/popper.js/-/popper.js-1.14.3.tgz",
      "integrity": "sha1-FDj5jQRqz3tNeM1QK/QYrGTU8JU="
    },
    "react": {
      "version": "16.4.0",
      "resolved": "https://registry.npmjs.org/react/-/react-16.4.0.tgz",
      "integrity": "sha512-K0UrkLXSAekf5nJu89obKUM7o2vc6MMN9LYoKnCa+c+8MJRAT120xzPLENcWSRc7GYKIg0LlgJRDorrufdglQQ=="
    },
    "react-bootstrap-table": {
      "version": "4.3.1",
      "resolved": "https://registry.npmjs.org/react-bootstrap-table/-/react-bootstrap-table-4.3.1.tgz",
      "integrity": "sha1-9wS+Vbf2vwVX0vxb7G0l/TB9DN4="
    },
    "react-dom": {
      "version": "16.4.0",
      "resolved": "https://registry.npmjs.org/react-dom/-/react-dom-16.4.0.tgz",
      "integrity": "sha512-bbLd+HYpBEnYoNyxDe9XpSG2t9wypMohwQPvKw8Hov3nF7SJiJIgK56b46zHpBUpHb06a1iEuw7G3rbrsnNL6w=="
    },
    "react-redux": {
      "version": "5.0.7",
      "resolved": "https://registry.npmjs.org/react-redux/-/react-redux-5.0.7.tgz",
      "integrity": "sha512-5VI8EV5hdgNgyjfmWzBbdrqUkrVRKlyTKk1sGH3jzM2M2Mhj/seQgPXaz6gVAj2lz/nz688AdTqMO18Lr24Zhg=="
    },
    "react-router-dom": {
      "version": "4.2.2",
      "resolved": "https://registry.npmjs.org/react-router-dom/-/react-router-dom-4.2.2.tgz",
      "integrity": "sha512-cHMFC1ZoLDfEaMFoKTjN7fry/oczMgRt5BKfMAkTu5zEuJvUiPp1J8d0eXSVTnBh6pxlbdqDhozunOOLtmKfPA=="
    },
    "react-scripts": {
      "version": "1.1.4",
      "resolved": "https://registry.npmjs.org/react-scripts/-/react-scripts-1.1.4.tgz",
      "integrity": "sha512-UVZIujEIT9BGbx+NGvyfS92eOrNIIpqqFi1FP7a0O9l94A/XV7bhPk70SfDKaXZouCX81tFdXo0948DjhCEgGw==",
      "dependencies": {
        "promise": {
          "version": "8.0.1",
          "resolved": "https://registry.npmjs.org/promise/-/promise-8.0.1.tgz",
          "integrity": "sha1-5F1osAoXZHttpxG/he1u1HII9FA="
        },
        "whatwg-fetch": {
          "version": "2.0.3",
          "resolved": "https://registry.npmjs.org/whatwg-fetch/-/whatwg-fetch-2.0.3.tgz",
          "integrity": "sha1-nITsLc9oGH/wC8ZOEnS0QhduHIQ="
        }
      }
    },
    "react-sidebar": {
      "version": "2.3.2",
      "resolved": "https://registry.npmjs.org/react-sidebar/-/react-sidebar-2.3.2.tgz",
      "integrity": "sha1-7BQL6opvX6PY6npWR5ZltEz0+c8="
    },
    "redux": {
      "version": "4.0.0",
      "resolved": "https://registry.npmjs.org/redux/-/redux-4.0.0.tgz",
      "integrity": "sha512-NnnHF0h0WVE/hXyrB6OlX67LYRuaf/rJcbWvnHHEPCF/Xa/AZpwhs/20WyqzQae5x4SD2F9nPObgBh2rxAgLiA=="
    },
    "semantic-ui-css": {
      "version": "2.3.1",
      "resolved": "https://registry.npmjs.org/semantic-ui-css/-/semantic-ui-css-2.3.1.tgz",
      "integrity": "sha512-8M2OkoKZHfEnNUYB4Ha8q+tTAWN/g17X2l6HUg6n3DP4QDJLQl1xyhnRvM9UhJpsRvkRqgWgQLbRA6cl7Ep2dw=="
    },
    "semantic-ui-react": {
      "version": "0.80.2",
      "resolved": "https://registry.npmjs.org/semantic-ui-react/-/semantic-ui-react-0.80.2.tgz",
      "integrity": "sha512-1sQ8NkxoDrd2c8wM+kdZ7mz3QMEYsbM1dV7uNe4b8D9VEaHdp640Ktp9DhmyCgXIo5BqdigJcZtb0jcWWGFfQg=="
    }
  }
}
